// !$*UTF8*$!
{
	archiveVersion = 1;
	classes = {
	};
	objectVersion = 50;
	objects = {

/* Begin PBXBuildFile section */
		55B6B97022354CD0007491B2 /* AppDelegate.swift in Sources */ = {isa = PBXBuildFile; fileRef = 55B6B96F22354CD0007491B2 /* AppDelegate.swift */; };
		55B6B97222354CD0007491B2 /* StatusViewController.swift in Sources */ = {isa = PBXBuildFile; fileRef = 55B6B97122354CD0007491B2 /* StatusViewController.swift */; };
		55B6B97522354CD0007491B2 /* Main.storyboard in Resources */ = {isa = PBXBuildFile; fileRef = 55B6B97322354CD0007491B2 /* Main.storyboard */; };
		55B6B97722354CD1007491B2 /* Assets.xcassets in Resources */ = {isa = PBXBuildFile; fileRef = 55B6B97622354CD1007491B2 /* Assets.xcassets */; };
		55B6B97A22354CD1007491B2 /* LaunchScreen.storyboard in Resources */ = {isa = PBXBuildFile; fileRef = 55B6B97822354CD1007491B2 /* LaunchScreen.storyboard */; };
		55B6B98622354D2B007491B2 /* TrackingManager.swift in Sources */ = {isa = PBXBuildFile; fileRef = 55B6B98522354D2B007491B2 /* TrackingManager.swift */; };
		55B6B98B22354DCF007491B2 /* Constants.swift in Sources */ = {isa = PBXBuildFile; fileRef = 55B6B98A22354DCF007491B2 /* Constants.swift */; };
		55B6B98F22355587007491B2 /* NSNotificationExtension.swift in Sources */ = {isa = PBXBuildFile; fileRef = 55B6B98E22355587007491B2 /* NSNotificationExtension.swift */; };
/* End PBXBuildFile section */

/* Begin PBXFileReference section */
		55B6B96C22354CD0007491B2 /* Broadcaster.app */ = {isa = PBXFileReference; explicitFileType = wrapper.application; includeInIndex = 0; path = Broadcaster.app; sourceTree = BUILT_PRODUCTS_DIR; };
		55B6B96F22354CD0007491B2 /* AppDelegate.swift */ = {isa = PBXFileReference; lastKnownFileType = sourcecode.swift; path = AppDelegate.swift; sourceTree = "<group>"; };
		55B6B97122354CD0007491B2 /* StatusViewController.swift */ = {isa = PBXFileReference; lastKnownFileType = sourcecode.swift; path = StatusViewController.swift; sourceTree = "<group>"; };
		55B6B97422354CD0007491B2 /* Base */ = {isa = PBXFileReference; lastKnownFileType = file.storyboard; name = Base; path = Base.lproj/Main.storyboard; sourceTree = "<group>"; };
		55B6B97622354CD1007491B2 /* Assets.xcassets */ = {isa = PBXFileReference; lastKnownFileType = folder.assetcatalog; path = Assets.xcassets; sourceTree = "<group>"; };
		55B6B97922354CD1007491B2 /* Base */ = {isa = PBXFileReference; lastKnownFileType = file.storyboard; name = Base; path = Base.lproj/LaunchScreen.storyboard; sourceTree = "<group>"; };
		55B6B97B22354CD1007491B2 /* Info.plist */ = {isa = PBXFileReference; lastKnownFileType = text.plist.xml; path = Info.plist; sourceTree = "<group>"; };
		55B6B98522354D2B007491B2 /* TrackingManager.swift */ = {isa = PBXFileReference; lastKnownFileType = sourcecode.swift; path = TrackingManager.swift; sourceTree = "<group>"; };
		55B6B98A22354DCF007491B2 /* Constants.swift */ = {isa = PBXFileReference; lastKnownFileType = sourcecode.swift; path = Constants.swift; sourceTree = "<group>"; };
		55B6B98E22355587007491B2 /* NSNotificationExtension.swift */ = {isa = PBXFileReference; lastKnownFileType = sourcecode.swift; path = NSNotificationExtension.swift; sourceTree = "<group>"; };
/* End PBXFileReference section */

/* Begin PBXFrameworksBuildPhase section */
		55B6B96922354CD0007491B2 /* Frameworks */ = {
			isa = PBXFrameworksBuildPhase;
			buildActionMask = 2147483647;
			files = (
			);
			runOnlyForDeploymentPostprocessing = 0;
		};
/* End PBXFrameworksBuildPhase section */

/* Begin PBXGroup section */
		55B6B96322354CD0007491B2 = {
			isa = PBXGroup;
			children = (
				55B6B96E22354CD0007491B2 /* Broadcaster */,
				55B6B96D22354CD0007491B2 /* Products */,
			);
			sourceTree = "<group>";
		};
		55B6B96D22354CD0007491B2 /* Products */ = {
			isa = PBXGroup;
			children = (
				55B6B96C22354CD0007491B2 /* Broadcaster.app */,
			);
			name = Products;
			sourceTree = "<group>";
		};
		55B6B96E22354CD0007491B2 /* Broadcaster */ = {
			isa = PBXGroup;
			children = (
				55B6B98122354CE1007491B2 /* Managers */,
				55B6B98922354DC1007491B2 /* Utils */,
				55B6B98D22355571007491B2 /* Extensions */,
				55B6B98222354CE8007491B2 /* View Controllers */,
				55B6B96F22354CD0007491B2 /* AppDelegate.swift */,
				55B6B97322354CD0007491B2 /* Main.storyboard */,
				55B6B97622354CD1007491B2 /* Assets.xcassets */,
				55B6B97822354CD1007491B2 /* LaunchScreen.storyboard */,
				55B6B97B22354CD1007491B2 /* Info.plist */,
			);
			path = Broadcaster;
			sourceTree = "<group>";
		};
		55B6B98122354CE1007491B2 /* Managers */ = {
			isa = PBXGroup;
			children = (
				55B6B98322354D14007491B2 /* Tracking */,
			);
			path = Managers;
			sourceTree = "<group>";
		};
		55B6B98222354CE8007491B2 /* View Controllers */ = {
			isa = PBXGroup;
			children = (
				55B6B97122354CD0007491B2 /* StatusViewController.swift */,
			);
			path = "View Controllers";
			sourceTree = "<group>";
		};
		55B6B98322354D14007491B2 /* Tracking */ = {
			isa = PBXGroup;
			children = (
				55B6B98522354D2B007491B2 /* TrackingManager.swift */,
			);
			path = Tracking;
			sourceTree = "<group>";
		};
		55B6B98922354DC1007491B2 /* Utils */ = {
			isa = PBXGroup;
			children = (
				55B6B98A22354DCF007491B2 /* Constants.swift */,
			);
			path = Utils;
			sourceTree = "<group>";
		};
		55B6B98D22355571007491B2 /* Extensions */ = {
			isa = PBXGroup;
			children = (
				55B6B98E22355587007491B2 /* NSNotificationExtension.swift */,
			);
			path = Extensions;
			sourceTree = "<group>";
		};
/* End PBXGroup section */

/* Begin PBXNativeTarget section */
		55B6B96B22354CD0007491B2 /* Broadcaster */ = {
			isa = PBXNativeTarget;
			buildConfigurationList = 55B6B97E22354CD1007491B2 /* Build configuration list for PBXNativeTarget "Broadcaster" */;
			buildPhases = (
				55B6B96822354CD0007491B2 /* Sources */,
				55B6B96922354CD0007491B2 /* Frameworks */,
				55B6B96A22354CD0007491B2 /* Resources */,
			);
			buildRules = (
			);
			dependencies = (
			);
			name = Broadcaster;
			productName = Broadcaster;
			productReference = 55B6B96C22354CD0007491B2 /* Broadcaster.app */;
			productType = "com.apple.product-type.application";
		};
/* End PBXNativeTarget section */

/* Begin PBXProject section */
		55B6B96422354CD0007491B2 /* Project object */ = {
			isa = PBXProject;
			attributes = {
				LastSwiftUpdateCheck = 1010;
				LastUpgradeCheck = 1010;
				ORGANIZATIONNAME = Andrey;
				TargetAttributes = {
					55B6B96B22354CD0007491B2 = {
						CreatedOnToolsVersion = 10.1;
						SystemCapabilities = {
							com.apple.BackgroundModes = {
								enabled = 0;
							};
						};
					};
				};
			};
			buildConfigurationList = 55B6B96722354CD0007491B2 /* Build configuration list for PBXProject "Broadcaster" */;
			compatibilityVersion = "Xcode 9.3";
			developmentRegion = en;
			hasScannedForEncodings = 0;
			knownRegions = (
				en,
				Base,
			);
			mainGroup = 55B6B96322354CD0007491B2;
			productRefGroup = 55B6B96D22354CD0007491B2 /* Products */;
			projectDirPath = "";
			projectRoot = "";
			targets = (
				55B6B96B22354CD0007491B2 /* Broadcaster */,
			);
		};
/* End PBXProject section */

/* Begin PBXResourcesBuildPhase section */
		55B6B96A22354CD0007491B2 /* Resources */ = {
			isa = PBXResourcesBuildPhase;
			buildActionMask = 2147483647;
			files = (
				55B6B97A22354CD1007491B2 /* LaunchScreen.storyboard in Resources */,
				55B6B97722354CD1007491B2 /* Assets.xcassets in Resources */,
				55B6B97522354CD0007491B2 /* Main.storyboard in Resources */,
			);
			runOnlyForDeploymentPostprocessing = 0;
		};
/* End PBXResourcesBuildPhase section */

/* Begin PBXSourcesBuildPhase section */
		55B6B96822354CD0007491B2 /* Sources */ = {
			isa = PBXSourcesBuildPhase;
			buildActionMask = 2147483647;
			files = (
				55B6B98F22355587007491B2 /* NSNotificationExtension.swift in Sources */,
				55B6B98B22354DCF007491B2 /* Constants.swift in Sources */,
				55B6B98622354D2B007491B2 /* TrackingManager.swift in Sources */,
				55B6B97222354CD0007491B2 /* StatusViewController.swift in Sources */,
				55B6B97022354CD0007491B2 /* AppDelegate.swift in Sources */,
			);
			runOnlyForDeploymentPostprocessing = 0;
		};
/* End PBXSourcesBuildPhase section */

/* Begin PBXVariantGroup section */
		55B6B97322354CD0007491B2 /* Main.storyboard */ = {
			isa = PBXVariantGroup;
			children = (
				55B6B97422354CD0007491B2 /* Base */,
			);
			name = Main.storyboard;
			sourceTree = "<group>";
		};
		55B6B97822354CD1007491B2 /* LaunchScreen.storyboard */ = {
			isa = PBXVariantGroup;
			children = (
				55B6B97922354CD1007491B2 /* Base */,
			);
			name = LaunchScreen.storyboard;
			sourceTree = "<group>";
		};
/* End PBXVariantGroup section */

/* Begin XCBuildConfiguration section */
		55B6B97C22354CD1007491B2 /* Debug */ = {
			isa = XCBuildConfiguration;
			buildSettings = {
				ALWAYS_SEARCH_USER_PATHS = NO;
				CLANG_ANALYZER_NONNULL = YES;
				CLANG_ANALYZER_NUMBER_OBJECT_CONVERSION = YES_AGGRESSIVE;
				CLANG_CXX_LANGUAGE_STANDARD = "gnu++14";
				CLANG_CXX_LIBRARY = "libc++";
				CLANG_ENABLE_MODULES = YES;
				CLANG_ENABLE_OBJC_ARC = YES;
				CLANG_ENABLE_OBJC_WEAK = YES;
				CLANG_WARN_BLOCK_CAPTURE_AUTORELEASING = YES;
				CLANG_WARN_BOOL_CONVERSION = YES;
				CLANG_WARN_COMMA = YES;
				CLANG_WARN_CONSTANT_CONVERSION = YES;
				CLANG_WARN_DEPRECATED_OBJC_IMPLEMENTATIONS = YES;
				CLANG_WARN_DIRECT_OBJC_ISA_USAGE = YES_ERROR;
				CLANG_WARN_DOCUMENTATION_COMMENTS = YES;
				CLANG_WARN_EMPTY_BODY = YES;
				CLANG_WARN_ENUM_CONVERSION = YES;
				CLANG_WARN_INFINITE_RECURSION = YES;
				CLANG_WARN_INT_CONVERSION = YES;
				CLANG_WARN_NON_LITERAL_NULL_CONVERSION = YES;
				CLANG_WARN_OBJC_IMPLICIT_RETAIN_SELF = YES;
				CLANG_WARN_OBJC_LITERAL_CONVERSION = YES;
				CLANG_WARN_OBJC_ROOT_CLASS = YES_ERROR;
				CLANG_WARN_RANGE_LOOP_ANALYSIS = YES;
				CLANG_WARN_STRICT_PROTOTYPES = YES;
				CLANG_WARN_SUSPICIOUS_MOVE = YES;
				CLANG_WARN_UNGUARDED_AVAILABILITY = YES_AGGRESSIVE;
				CLANG_WARN_UNREACHABLE_CODE = YES;
				CLANG_WARN__DUPLICATE_METHOD_MATCH = YES;
				CODE_SIGN_IDENTITY = "iPhone Developer";
				COPY_PHASE_STRIP = NO;
				DEBUG_INFORMATION_FORMAT = dwarf;
				ENABLE_STRICT_OBJC_MSGSEND = YES;
				ENABLE_TESTABILITY = YES;
				GCC_C_LANGUAGE_STANDARD = gnu11;
				GCC_DYNAMIC_NO_PIC = NO;
				GCC_NO_COMMON_BLOCKS = YES;
				GCC_OPTIMIZATION_LEVEL = 0;
				GCC_PREPROCESSOR_DEFINITIONS = (
					"DEBUG=1",
					"$(inherited)",
				);
				GCC_WARN_64_TO_32_BIT_CONVERSION = YES;
				GCC_WARN_ABOUT_RETURN_TYPE = YES_ERROR;
				GCC_WARN_UNDECLARED_SELECTOR = YES;
				GCC_WARN_UNINITIALIZED_AUTOS = YES_AGGRESSIVE;
				GCC_WARN_UNUSED_FUNCTION = YES;
				GCC_WARN_UNUSED_VARIABLE = YES;
				IPHONEOS_DEPLOYMENT_TARGET = 12.1;
				MTL_ENABLE_DEBUG_INFO = INCLUDE_SOURCE;
				MTL_FAST_MATH = YES;
				ONLY_ACTIVE_ARCH = YES;
				SDKROOT = iphoneos;
				SWIFT_ACTIVE_COMPILATION_CONDITIONS = DEBUG;
				SWIFT_OPTIMIZATION_LEVEL = "-Onone";
			};
			name = Debug;
		};
		55B6B97D22354CD1007491B2 /* Release */ = {
			isa = XCBuildConfiguration;
			buildSettings = {
				ALWAYS_SEARCH_USER_PATHS = NO;
				CLANG_ANALYZER_NONNULL = YES;
				CLANG_ANALYZER_NUMBER_OBJECT_CONVERSION = YES_AGGRESSIVE;
				CLANG_CXX_LANGUAGE_STANDARD = "gnu++14";
				CLANG_CXX_LIBRARY = "libc++";
				CLANG_ENABLE_MODULES = YES;
				CLANG_ENABLE_OBJC_ARC = YES;
				CLANG_ENABLE_OBJC_WEAK = YES;
				CLANG_WARN_BLOCK_CAPTURE_AUTORELEASING = YES;
				CLANG_WARN_BOOL_CONVERSION = YES;
				CLANG_WARN_COMMA = YES;
				CLANG_WARN_CONSTANT_CONVERSION = YES;
				CLANG_WARN_DEPRECATED_OBJC_IMPLEMENTATIONS = YES;
				CLANG_WARN_DIRECT_OBJC_ISA_USAGE = YES_ERROR;
				CLANG_WARN_DOCUMENTATION_COMMENTS = YES;
				CLANG_WARN_EMPTY_BODY = YES;
				CLANG_WARN_ENUM_CONVERSION = YES;
				CLANG_WARN_INFINITE_RECURSION = YES;
				CLANG_WARN_INT_CONVERSION = YES;
				CLANG_WARN_NON_LITERAL_NULL_CONVERSION = YES;
				CLANG_WARN_OBJC_IMPLICIT_RETAIN_SELF = YES;
				CLANG_WARN_OBJC_LITERAL_CONVERSION = YES;
				CLANG_WARN_OBJC_ROOT_CLASS = YES_ERROR;
				CLANG_WARN_RANGE_LOOP_ANALYSIS = YES;
				CLANG_WARN_STRICT_PROTOTYPES = YES;
				CLANG_WARN_SUSPICIOUS_MOVE = YES;
				CLANG_WARN_UNGUARDED_AVAILABILITY = YES_AGGRESSIVE;
				CLANG_WARN_UNREACHABLE_CODE = YES;
				CLANG_WARN__DUPLICATE_METHOD_MATCH = YES;
				CODE_SIGN_IDENTITY = "iPhone Developer";
				COPY_PHASE_STRIP = NO;
				DEBUG_INFORMATION_FORMAT = "dwarf-with-dsym";
				ENABLE_NS_ASSERTIONS = NO;
				ENABLE_STRICT_OBJC_MSGSEND = YES;
				GCC_C_LANGUAGE_STANDARD = gnu11;
				GCC_NO_COMMON_BLOCKS = YES;
				GCC_WARN_64_TO_32_BIT_CONVERSION = YES;
				GCC_WARN_ABOUT_RETURN_TYPE = YES_ERROR;
				GCC_WARN_UNDECLARED_SELECTOR = YES;
				GCC_WARN_UNINITIALIZED_AUTOS = YES_AGGRESSIVE;
				GCC_WARN_UNUSED_FUNCTION = YES;
				GCC_WARN_UNUSED_VARIABLE = YES;
				IPHONEOS_DEPLOYMENT_TARGET = 12.1;
				MTL_ENABLE_DEBUG_INFO = NO;
				MTL_FAST_MATH = YES;
				SDKROOT = iphoneos;
				SWIFT_COMPILATION_MODE = wholemodule;
				SWIFT_OPTIMIZATION_LEVEL = "-O";
				VALIDATE_PRODUCT = YES;
			};
			name = Release;
		};
		55B6B97F22354CD1007491B2 /* Debug */ = {
			isa = XCBuildConfiguration;
			buildSettings = {
				ASSETCATALOG_COMPILER_APPICON_NAME = AppIcon;
				CODE_SIGN_IDENTITY = "iPhone Developer";
				CODE_SIGN_STYLE = Automatic;
				DEVELOPMENT_TEAM = 9L72B58677;
				INFOPLIST_FILE = Broadcaster/Info.plist;
				IPHONEOS_DEPLOYMENT_TARGET = 11.0;
				LD_RUNPATH_SEARCH_PATHS = (
					"$(inherited)",
					"@executable_path/Frameworks",
				);
				PRODUCT_BUNDLE_IDENTIFIER = com.andrey.Broadcaster;
				PRODUCT_NAME = "$(TARGET_NAME)";
				PROVISIONING_PROFILE_SPECIFIER = "";
				SWIFT_VERSION = 4.2;
				TARGETED_DEVICE_FAMILY = "1,2";
			};
			name = Debug;
		};
		55B6B98022354CD1007491B2 /* Release */ = {
			isa = XCBuildConfiguration;
			buildSettings = {
				ASSETCATALOG_COMPILER_APPICON_NAME = AppIcon;
				CODE_SIGN_IDENTITY = "iPhone Developer";
				CODE_SIGN_STYLE = Automatic;
				DEVELOPMENT_TEAM = 9L72B58677;
				INFOPLIST_FILE = Broadcaster/Info.plist;
				IPHONEOS_DEPLOYMENT_TARGET = 11.0;
				LD_RUNPATH_SEARCH_PATHS = (
					"$(inherited)",
					"@executable_path/Frameworks",
				);
				PRODUCT_BUNDLE_IDENTIFIER = com.andrey.Broadcaster;
				PRODUCT_NAME = "$(TARGET_NAME)";
				PROVISIONING_PROFILE_SPECIFIER = "";
				SWIFT_VERSION = 4.2;
				TARGETED_DEVICE_FAMILY = "1,2";
			};
			name = Release;
		};
/* End XCBuildConfiguration section */

/* Begin XCConfigurationList section */
		55B6B96722354CD0007491B2 /* Build configuration list for PBXProject "Broadcaster" */ = {
			isa = XCConfigurationList;
			buildConfigurations = (
				55B6B97C22354CD1007491B2 /* Debug */,
				55B6B97D22354CD1007491B2 /* Release */,
			);
			defaultConfigurationIsVisible = 0;
			defaultConfigurationName = Release;
		};
		55B6B97E22354CD1007491B2 /* Build configuration list for PBXNativeTarget "Broadcaster" */ = {
			isa = XCConfigurationList;
			buildConfigurations = (
				55B6B97F22354CD1007491B2 /* Debug */,
				55B6B98022354CD1007491B2 /* Release */,
			);
			defaultConfigurationIsVisible = 0;
			defaultConfigurationName = Release;
		};
/* End XCConfigurationList section */
	};
	rootObject = 55B6B96422354CD0007491B2 /* Project object */;
}
